github.com/kataras/pio v0.0.11 h1:kqreJ5KOEXGMwHAWHDwIl+mjfNCPhAwZPa8gK7MKlyw=
github.com/kataras/pio v0.0.11/go.mod h1:38hH6SWH6m4DKSYmRhlrCJ5WItwWgCVrTNU62XZyUvI=
golang.org/x/sys v0.0.0-20220919091848-fb04ddd9f9c8 h1:h+EGohizhe9XlX18rfpa8k8RAc5XyaeamM+0VHRd4lc=
golang.org/x/sys v0.0.0-20220919091848-fb04ddd9f9c8/go.mod h1:oPkhp1MJrh7nUepCBck5+mAzfO9JrbApNNgaTdGDITg=
